schema: '2.0'
stages:
  preprocess_data:
    cmd: python3 process_data.py
    deps:
    - path: cars24-car-price.xlsx
      hash: md5
      md5: 1e340e29135db6144ae6dc2cc2020190
      size: 1065794
    - path: process_data.py
      hash: md5
      md5: eabc1d9a9e679c61d899658a37c08d9a
      size: 943
    outs:
    - path: data_processed.csv
      hash: md5
      md5: f33f4fa750c6ace5dbfbbf4a1c1be41d
      size: 914006
  train:
    cmd: python3 train.py
    deps:
    - path: data_processed.csv
      hash: md5
      md5: f33f4fa750c6ace5dbfbbf4a1c1be41d
      size: 914006
    - path: train.py
      hash: md5
      md5: ed3cdc92bc4e735a91981025c3dccf55
      size: 1451
    outs:
    - path: metrics.json
      hash: md5
      md5: 4a41861d518baab7b71265248087991c
      size: 87
